// !$*UTF8*$!
{
	archiveVersion = 1;
	classes = {
	};
	objectVersion = 56;
	objects = {

/* Begin PBXBuildFile section */
		801BCFCB294EF422009456DC /* CalendarView.swift in Sources */ = {isa = PBXBuildFile; fileRef = 801BCFCA294EF422009456DC /* CalendarView.swift */; };
		801BCFD1294F24CE009456DC /* Day.swift in Sources */ = {isa = PBXBuildFile; fileRef = 801BCFD0294F24CE009456DC /* Day.swift */; };
		8029011E29407163005431E4 /* myOwnSpaceApp.swift in Sources */ = {isa = PBXBuildFile; fileRef = 8029011D29407163005431E4 /* myOwnSpaceApp.swift */; };
		8029012029407163005431E4 /* ContentView.swift in Sources */ = {isa = PBXBuildFile; fileRef = 8029011F29407163005431E4 /* ContentView.swift */; };
		8029012229407166005431E4 /* Assets.xcassets in Resources */ = {isa = PBXBuildFile; fileRef = 8029012129407166005431E4 /* Assets.xcassets */; };
		8029012529407166005431E4 /* Preview Assets.xcassets in Resources */ = {isa = PBXBuildFile; fileRef = 8029012429407166005431E4 /* Preview Assets.xcassets */; };
		8029012729407166005431E4 /* Persistence.swift in Sources */ = {isa = PBXBuildFile; fileRef = 8029012629407166005431E4 /* Persistence.swift */; };
		8029012A29407166005431E4 /* myOwnSpace.xcdatamodeld in Sources */ = {isa = PBXBuildFile; fileRef = 8029012829407166005431E4 /* myOwnSpace.xcdatamodeld */; };
		8029013329407872005431E4 /* Month.swift in Sources */ = {isa = PBXBuildFile; fileRef = 8029013229407872005431E4 /* Month.swift */; };
		80CF7B9B295C3DD6006280A8 /* DatePickerCalendar.swift in Sources */ = {isa = PBXBuildFile; fileRef = 80CF7B9A295C3DD6006280A8 /* DatePickerCalendar.swift */; };
		80DC3849295DF4F600AF54AD /* TodayDiary.swift in Sources */ = {isa = PBXBuildFile; fileRef = 80DC3848295DF4F600AF54AD /* TodayDiary.swift */; };
		80DC384B295EDCAF00AF54AD /* TabBarShape.swift in Sources */ = {isa = PBXBuildFile; fileRef = 80DC384A295EDCAF00AF54AD /* TabBarShape.swift */; };
		80DC384D29600B6500AF54AD /* HomeView.swift in Sources */ = {isa = PBXBuildFile; fileRef = 80DC384C29600B6500AF54AD /* HomeView.swift */; };
		80DC385029600C3A00AF54AD /* BaseViewModel.swift in Sources */ = {isa = PBXBuildFile; fileRef = 80DC384F29600C3A00AF54AD /* BaseViewModel.swift */; };
		80DC38522960A21C00AF54AD /* AddNewDiary.swift in Sources */ = {isa = PBXBuildFile; fileRef = 80DC38512960A21C00AF54AD /* AddNewDiary.swift */; };
		891E6272967F069BE32C8389 /* Pods_myOwnSpace.framework in Frameworks */ = {isa = PBXBuildFile; fileRef = 34101FAA47BD5A5DD9423C52 /* Pods_myOwnSpace.framework */; };
/* End PBXBuildFile section */

/* Begin PBXFileReference section */
		2BDA8C099A3A16CACB8A7BDF /* Pods-myOwnSpace.debug.xcconfig */ = {isa = PBXFileReference; includeInIndex = 1; lastKnownFileType = text.xcconfig; name = "Pods-myOwnSpace.debug.xcconfig"; path = "Target Support Files/Pods-myOwnSpace/Pods-myOwnSpace.debug.xcconfig"; sourceTree = "<group>"; };
		34101FAA47BD5A5DD9423C52 /* Pods_myOwnSpace.framework */ = {isa = PBXFileReference; explicitFileType = wrapper.framework; includeInIndex = 0; path = Pods_myOwnSpace.framework; sourceTree = BUILT_PRODUCTS_DIR; };
		801BCFCA294EF422009456DC /* CalendarView.swift */ = {isa = PBXFileReference; lastKnownFileType = sourcecode.swift; path = CalendarView.swift; sourceTree = "<group>"; };
		801BCFD0294F24CE009456DC /* Day.swift */ = {isa = PBXFileReference; lastKnownFileType = sourcecode.swift; path = Day.swift; sourceTree = "<group>"; };
		8029011A29407163005431E4 /* myOwnSpace.app */ = {isa = PBXFileReference; explicitFileType = wrapper.application; includeInIndex = 0; path = myOwnSpace.app; sourceTree = BUILT_PRODUCTS_DIR; };
		8029011D29407163005431E4 /* myOwnSpaceApp.swift */ = {isa = PBXFileReference; lastKnownFileType = sourcecode.swift; path = myOwnSpaceApp.swift; sourceTree = "<group>"; };
		8029011F29407163005431E4 /* ContentView.swift */ = {isa = PBXFileReference; lastKnownFileType = sourcecode.swift; path = ContentView.swift; sourceTree = "<group>"; };
		8029012129407166005431E4 /* Assets.xcassets */ = {isa = PBXFileReference; lastKnownFileType = folder.assetcatalog; path = Assets.xcassets; sourceTree = "<group>"; };
		8029012429407166005431E4 /* Preview Assets.xcassets */ = {isa = PBXFileReference; lastKnownFileType = folder.assetcatalog; path = "Preview Assets.xcassets"; sourceTree = "<group>"; };
		8029012629407166005431E4 /* Persistence.swift */ = {isa = PBXFileReference; lastKnownFileType = sourcecode.swift; path = Persistence.swift; sourceTree = "<group>"; };
		8029012929407166005431E4 /* myOwnSpace.xcdatamodel */ = {isa = PBXFileReference; lastKnownFileType = wrapper.xcdatamodel; path = myOwnSpace.xcdatamodel; sourceTree = "<group>"; };
		8029013229407872005431E4 /* Month.swift */ = {isa = PBXFileReference; lastKnownFileType = sourcecode.swift; path = Month.swift; sourceTree = "<group>"; };
		80CF7B9A295C3DD6006280A8 /* DatePickerCalendar.swift */ = {isa = PBXFileReference; lastKnownFileType = sourcecode.swift; path = DatePickerCalendar.swift; sourceTree = "<group>"; };
		80DC3848295DF4F600AF54AD /* TodayDiary.swift */ = {isa = PBXFileReference; lastKnownFileType = sourcecode.swift; path = TodayDiary.swift; sourceTree = "<group>"; };
		80DC384A295EDCAF00AF54AD /* TabBarShape.swift */ = {isa = PBXFileReference; lastKnownFileType = sourcecode.swift; path = TabBarShape.swift; sourceTree = "<group>"; };
		80DC384C29600B6500AF54AD /* HomeView.swift */ = {isa = PBXFileReference; lastKnownFileType = sourcecode.swift; path = HomeView.swift; sourceTree = "<group>"; };
		80DC384F29600C3A00AF54AD /* BaseViewModel.swift */ = {isa = PBXFileReference; lastKnownFileType = sourcecode.swift; path = BaseViewModel.swift; sourceTree = "<group>"; };
		80DC38512960A21C00AF54AD /* AddNewDiary.swift */ = {isa = PBXFileReference; lastKnownFileType = sourcecode.swift; path = AddNewDiary.swift; sourceTree = "<group>"; };
		EE0657E4C3E23BB04BBCA5F9 /* Pods-myOwnSpace.release.xcconfig */ = {isa = PBXFileReference; includeInIndex = 1; lastKnownFileType = text.xcconfig; name = "Pods-myOwnSpace.release.xcconfig"; path = "Target Support Files/Pods-myOwnSpace/Pods-myOwnSpace.release.xcconfig"; sourceTree = "<group>"; };
/* End PBXFileReference section */

/* Begin PBXFrameworksBuildPhase section */
		8029011729407163005431E4 /* Frameworks */ = {
			isa = PBXFrameworksBuildPhase;
			buildActionMask = 2147483647;
			files = (
				891E6272967F069BE32C8389 /* Pods_myOwnSpace.framework in Frameworks */,
			);
			runOnlyForDeploymentPostprocessing = 0;
		};
/* End PBXFrameworksBuildPhase section */

/* Begin PBXGroup section */
		6440064B982EDFBD8AA8B954 /* Frameworks */ = {
			isa = PBXGroup;
			children = (
				34101FAA47BD5A5DD9423C52 /* Pods_myOwnSpace.framework */,
			);
			name = Frameworks;
			sourceTree = "<group>";
		};
		6D9CB6F725B89E8A7D07D448 /* Pods */ = {
			isa = PBXGroup;
			children = (
				2BDA8C099A3A16CACB8A7BDF /* Pods-myOwnSpace.debug.xcconfig */,
				EE0657E4C3E23BB04BBCA5F9 /* Pods-myOwnSpace.release.xcconfig */,
			);
			path = Pods;
			sourceTree = "<group>";
		};
		8029011129407163005431E4 = {
			isa = PBXGroup;
			children = (
				8029011C29407163005431E4 /* myOwnSpace */,
				8029011B29407163005431E4 /* Products */,
				6D9CB6F725B89E8A7D07D448 /* Pods */,
				6440064B982EDFBD8AA8B954 /* Frameworks */,
			);
			sourceTree = "<group>";
		};
		8029011B29407163005431E4 /* Products */ = {
			isa = PBXGroup;
			children = (
				8029011A29407163005431E4 /* myOwnSpace.app */,
			);
			name = Products;
			sourceTree = "<group>";
		};
		8029011C29407163005431E4 /* myOwnSpace */ = {
			isa = PBXGroup;
			children = (
				8029011D29407163005431E4 /* myOwnSpaceApp.swift */,
				8029011F29407163005431E4 /* ContentView.swift */,
				80DC384E29600C2700AF54AD /* ViewModel */,
				80290131294077CA005431E4 /* Model */,
				8029013029407282005431E4 /* View */,
				8029012129407166005431E4 /* Assets.xcassets */,
				8029012629407166005431E4 /* Persistence.swift */,
				8029012829407166005431E4 /* myOwnSpace.xcdatamodeld */,
				8029012329407166005431E4 /* Preview Content */,
			);
			path = myOwnSpace;
			sourceTree = "<group>";
		};
		8029012329407166005431E4 /* Preview Content */ = {
			isa = PBXGroup;
			children = (
				8029012429407166005431E4 /* Preview Assets.xcassets */,
			);
			path = "Preview Content";
			sourceTree = "<group>";
		};
		8029013029407282005431E4 /* View */ = {
			isa = PBXGroup;
			children = (
				801BCFCA294EF422009456DC /* CalendarView.swift */,
				80CF7B9A295C3DD6006280A8 /* DatePickerCalendar.swift */,
				80DC384C29600B6500AF54AD /* HomeView.swift */,
				80DC3848295DF4F600AF54AD /* TodayDiary.swift */,
				80DC384A295EDCAF00AF54AD /* TabBarShape.swift */,
				80DC38512960A21C00AF54AD /* AddNewDiary.swift */,
			);
			path = View;
			sourceTree = "<group>";
		};
		80290131294077CA005431E4 /* Model */ = {
			isa = PBXGroup;
			children = (
				8029013229407872005431E4 /* Month.swift */,
				801BCFD0294F24CE009456DC /* Day.swift */,
			);
			path = Model;
			sourceTree = "<group>";
		};
		80DC384E29600C2700AF54AD /* ViewModel */ = {
			isa = PBXGroup;
			children = (
				80DC384F29600C3A00AF54AD /* BaseViewModel.swift */,
			);
			path = ViewModel;
			sourceTree = "<group>";
		};
/* End PBXGroup section */

/* Begin PBXNativeTarget section */
		8029011929407163005431E4 /* myOwnSpace */ = {
			isa = PBXNativeTarget;
			buildConfigurationList = 8029012D29407166005431E4 /* Build configuration list for PBXNativeTarget "myOwnSpace" */;
			buildPhases = (
				20C83ADBDF08D4235AD0ECA2 /* [CP] Check Pods Manifest.lock */,
				8029011629407163005431E4 /* Sources */,
				8029011729407163005431E4 /* Frameworks */,
				8029011829407163005431E4 /* Resources */,
				8B3097F8AEB04611205A6BEE /* [CP] Embed Pods Frameworks */,
			);
			buildRules = (
			);
			dependencies = (
			);
			name = myOwnSpace;
			productName = myOwnSpace;
			productReference = 8029011A29407163005431E4 /* myOwnSpace.app */;
			productType = "com.apple.product-type.application";
		};
/* End PBXNativeTarget section */

/* Begin PBXProject section */
		8029011229407163005431E4 /* Project object */ = {
			isa = PBXProject;
			attributes = {
				BuildIndependentTargetsInParallel = 1;
				LastSwiftUpdateCheck = 1410;
				LastUpgradeCheck = 1410;
				TargetAttributes = {
					8029011929407163005431E4 = {
						CreatedOnToolsVersion = 14.1;
					};
				};
			};
			buildConfigurationList = 8029011529407163005431E4 /* Build configuration list for PBXProject "myOwnSpace" */;
			compatibilityVersion = "Xcode 14.0";
			developmentRegion = en;
			hasScannedForEncodings = 0;
			knownRegions = (
				en,
				Base,
			);
			mainGroup = 8029011129407163005431E4;
			productRefGroup = 8029011B29407163005431E4 /* Products */;
			projectDirPath = "";
			projectRoot = "";
			targets = (
				8029011929407163005431E4 /* myOwnSpace */,
			);
		};
/* End PBXProject section */

/* Begin PBXResourcesBuildPhase section */
		8029011829407163005431E4 /* Resources */ = {
			isa = PBXResourcesBuildPhase;
			buildActionMask = 2147483647;
			files = (
				8029012529407166005431E4 /* Preview Assets.xcassets in Resources */,
				8029012229407166005431E4 /* Assets.xcassets in Resources */,
			);
			runOnlyForDeploymentPostprocessing = 0;
		};
/* End PBXResourcesBuildPhase section */

/* Begin PBXShellScriptBuildPhase section */
		20C83ADBDF08D4235AD0ECA2 /* [CP] Check Pods Manifest.lock */ = {
			isa = PBXShellScriptBuildPhase;
			buildActionMask = 2147483647;
			files = (
			);
			inputFileListPaths = (
			);
			inputPaths = (
				"${PODS_PODFILE_DIR_PATH}/Podfile.lock",
				"${PODS_ROOT}/Manifest.lock",
			);
			name = "[CP] Check Pods Manifest.lock";
			outputFileListPaths = (
			);
			outputPaths = (
				"$(DERIVED_FILE_DIR)/Pods-myOwnSpace-checkManifestLockResult.txt",
			);
			runOnlyForDeploymentPostprocessing = 0;
			shellPath = /bin/sh;
			shellScript = "diff \"${PODS_PODFILE_DIR_PATH}/Podfile.lock\" \"${PODS_ROOT}/Manifest.lock\" > /dev/null\nif [ $? != 0 ] ; then\n    # print error to STDERR\n    echo \"error: The sandbox is not in sync with the Podfile.lock. Run 'pod install' or update your CocoaPods installation.\" >&2\n    exit 1\nfi\n# This output is used by Xcode 'outputs' to avoid re-running this script phase.\necho \"SUCCESS\" > \"${SCRIPT_OUTPUT_FILE_0}\"\n";
			showEnvVarsInLog = 0;
		};
		8B3097F8AEB04611205A6BEE /* [CP] Embed Pods Frameworks */ = {
			isa = PBXShellScriptBuildPhase;
			buildActionMask = 2147483647;
			files = (
			);
			inputFileListPaths = (
				"${PODS_ROOT}/Target Support Files/Pods-myOwnSpace/Pods-myOwnSpace-frameworks-${CONFIGURATION}-input-files.xcfilelist",
			);
			name = "[CP] Embed Pods Frameworks";
			outputFileListPaths = (
				"${PODS_ROOT}/Target Support Files/Pods-myOwnSpace/Pods-myOwnSpace-frameworks-${CONFIGURATION}-output-files.xcfilelist",
			);
			runOnlyForDeploymentPostprocessing = 0;
			shellPath = /bin/sh;
			shellScript = "\"${PODS_ROOT}/Target Support Files/Pods-myOwnSpace/Pods-myOwnSpace-frameworks.sh\"\n";
			showEnvVarsInLog = 0;
		};
/* End PBXShellScriptBuildPhase section */

/* Begin PBXSourcesBuildPhase section */
		8029011629407163005431E4 /* Sources */ = {
			isa = PBXSourcesBuildPhase;
			buildActionMask = 2147483647;
			files = (
				8029012729407166005431E4 /* Persistence.swift in Sources */,
				8029012A29407166005431E4 /* myOwnSpace.xcdatamodeld in Sources */,
				80CF7B9B295C3DD6006280A8 /* DatePickerCalendar.swift in Sources */,
				801BCFCB294EF422009456DC /* CalendarView.swift in Sources */,
				80DC38522960A21C00AF54AD /* AddNewDiary.swift in Sources */,
				801BCFD1294F24CE009456DC /* Day.swift in Sources */,
				80DC385029600C3A00AF54AD /* BaseViewModel.swift in Sources */,
				80DC384D29600B6500AF54AD /* HomeView.swift in Sources */,
				8029012029407163005431E4 /* ContentView.swift in Sources */,
				80DC3849295DF4F600AF54AD /* TodayDiary.swift in Sources */,
				80DC384B295EDCAF00AF54AD /* TabBarShape.swift in Sources */,
				8029013329407872005431E4 /* Month.swift in Sources */,
				8029011E29407163005431E4 /* myOwnSpaceApp.swift in Sources */,
			);
			runOnlyForDeploymentPostprocessing = 0;
		};
/* End PBXSourcesBuildPhase section */

/* Begin XCBuildConfiguration section */
		8029012B29407166005431E4 /* Debug */ = {
			isa = XCBuildConfiguration;
			buildSettings = {
				ALWAYS_SEARCH_USER_PATHS = NO;
				CLANG_ANALYZER_NONNULL = YES;
				CLANG_ANALYZER_NUMBER_OBJECT_CONVERSION = YES_AGGRESSIVE;
				CLANG_CXX_LANGUAGE_STANDARD = "gnu++20";
				CLANG_ENABLE_MODULES = YES;
				CLANG_ENABLE_OBJC_ARC = YES;
				CLANG_ENABLE_OBJC_WEAK = YES;
				CLANG_WARN_BLOCK_CAPTURE_AUTORELEASING = YES;
				CLANG_WARN_BOOL_CONVERSION = YES;
				CLANG_WARN_COMMA = YES;
				CLANG_WARN_CONSTANT_CONVERSION = YES;
				CLANG_WARN_DEPRECATED_OBJC_IMPLEMENTATIONS = YES;
				CLANG_WARN_DIRECT_OBJC_ISA_USAGE = YES_ERROR;
				CLANG_WARN_DOCUMENTATION_COMMENTS = YES;
				CLANG_WARN_EMPTY_BODY = YES;
				CLANG_WARN_ENUM_CONVERSION = YES;
				CLANG_WARN_INFINITE_RECURSION = YES;
				CLANG_WARN_INT_CONVERSION = YES;
				CLANG_WARN_NON_LITERAL_NULL_CONVERSION = YES;
				CLANG_WARN_OBJC_IMPLICIT_RETAIN_SELF = YES;
				CLANG_WARN_OBJC_LITERAL_CONVERSION = YES;
				CLANG_WARN_OBJC_ROOT_CLASS = YES_ERROR;
				CLANG_WARN_QUOTED_INCLUDE_IN_FRAMEWORK_HEADER = YES;
				CLANG_WARN_RANGE_LOOP_ANALYSIS = YES;
				CLANG_WARN_STRICT_PROTOTYPES = YES;
				CLANG_WARN_SUSPICIOUS_MOVE = YES;
				CLANG_WARN_UNGUARDED_AVAILABILITY = YES_AGGRESSIVE;
				CLANG_WARN_UNREACHABLE_CODE = YES;
				CLANG_WARN__DUPLICATE_METHOD_MATCH = YES;
				COPY_PHASE_STRIP = NO;
				DEBUG_INFORMATION_FORMAT = dwarf;
				ENABLE_STRICT_OBJC_MSGSEND = YES;
				ENABLE_TESTABILITY = YES;
				GCC_C_LANGUAGE_STANDARD = gnu11;
				GCC_DYNAMIC_NO_PIC = NO;
				GCC_NO_COMMON_BLOCKS = YES;
				GCC_OPTIMIZATION_LEVEL = 0;
				GCC_PREPROCESSOR_DEFINITIONS = (
					"DEBUG=1",
					"$(inherited)",
				);
				GCC_WARN_64_TO_32_BIT_CONVERSION = YES;
				GCC_WARN_ABOUT_RETURN_TYPE = YES_ERROR;
				GCC_WARN_UNDECLARED_SELECTOR = YES;
				GCC_WARN_UNINITIALIZED_AUTOS = YES_AGGRESSIVE;
				GCC_WARN_UNUSED_FUNCTION = YES;
				GCC_WARN_UNUSED_VARIABLE = YES;
				IPHONEOS_DEPLOYMENT_TARGET = 16.1;
				MTL_ENABLE_DEBUG_INFO = INCLUDE_SOURCE;
				MTL_FAST_MATH = YES;
				ONLY_ACTIVE_ARCH = YES;
				SDKROOT = iphoneos;
				SWIFT_ACTIVE_COMPILATION_CONDITIONS = DEBUG;
				SWIFT_OPTIMIZATION_LEVEL = "-Onone";
			};
			name = Debug;
		};
		8029012C29407166005431E4 /* Release */ = {
			isa = XCBuildConfiguration;
			buildSettings = {
				ALWAYS_SEARCH_USER_PATHS = NO;
				CLANG_ANALYZER_NONNULL = YES;
				CLANG_ANALYZER_NUMBER_OBJECT_CONVERSION = YES_AGGRESSIVE;
				CLANG_CXX_LANGUAGE_STANDARD = "gnu++20";
				CLANG_ENABLE_MODULES = YES;
				CLANG_ENABLE_OBJC_ARC = YES;
				CLANG_ENABLE_OBJC_WEAK = YES;
				CLANG_WARN_BLOCK_CAPTURE_AUTORELEASING = YES;
				CLANG_WARN_BOOL_CONVERSION = YES;
				CLANG_WARN_COMMA = YES;
				CLANG_WARN_CONSTANT_CONVERSION = YES;
				CLANG_WARN_DEPRECATED_OBJC_IMPLEMENTATIONS = YES;
				CLANG_WARN_DIRECT_OBJC_ISA_USAGE = YES_ERROR;
				CLANG_WARN_DOCUMENTATION_COMMENTS = YES;
				CLANG_WARN_EMPTY_BODY = YES;
				CLANG_WARN_ENUM_CONVERSION = YES;
				CLANG_WARN_INFINITE_RECURSION = YES;
				CLANG_WARN_INT_CONVERSION = YES;
				CLANG_WARN_NON_LITERAL_NULL_CONVERSION = YES;
				CLANG_WARN_OBJC_IMPLICIT_RETAIN_SELF = YES;
				CLANG_WARN_OBJC_LITERAL_CONVERSION = YES;
				CLANG_WARN_OBJC_ROOT_CLASS = YES_ERROR;
				CLANG_WARN_QUOTED_INCLUDE_IN_FRAMEWORK_HEADER = YES;
				CLANG_WARN_RANGE_LOOP_ANALYSIS = YES;
				CLANG_WARN_STRICT_PROTOTYPES = YES;
				CLANG_WARN_SUSPICIOUS_MOVE = YES;
				CLANG_WARN_UNGUARDED_AVAILABILITY = YES_AGGRESSIVE;
				CLANG_WARN_UNREACHABLE_CODE = YES;
				CLANG_WARN__DUPLICATE_METHOD_MATCH = YES;
				COPY_PHASE_STRIP = NO;
				DEBUG_INFORMATION_FORMAT = "dwarf-with-dsym";
				ENABLE_NS_ASSERTIONS = NO;
				ENABLE_STRICT_OBJC_MSGSEND = YES;
				GCC_C_LANGUAGE_STANDARD = gnu11;
				GCC_NO_COMMON_BLOCKS = YES;
				GCC_WARN_64_TO_32_BIT_CONVERSION = YES;
				GCC_WARN_ABOUT_RETURN_TYPE = YES_ERROR;
				GCC_WARN_UNDECLARED_SELECTOR = YES;
				GCC_WARN_UNINITIALIZED_AUTOS = YES_AGGRESSIVE;
				GCC_WARN_UNUSED_FUNCTION = YES;
				GCC_WARN_UNUSED_VARIABLE = YES;
				IPHONEOS_DEPLOYMENT_TARGET = 16.1;
				MTL_ENABLE_DEBUG_INFO = NO;
				MTL_FAST_MATH = YES;
				SDKROOT = iphoneos;
				SWIFT_COMPILATION_MODE = wholemodule;
				SWIFT_OPTIMIZATION_LEVEL = "-O";
				VALIDATE_PRODUCT = YES;
			};
			name = Release;
		};
		8029012E29407166005431E4 /* Debug */ = {
			isa = XCBuildConfiguration;
			baseConfigurationReference = 2BDA8C099A3A16CACB8A7BDF /* Pods-myOwnSpace.debug.xcconfig */;
			buildSettings = {
				ASSETCATALOG_COMPILER_APPICON_NAME = AppIcon;
				ASSETCATALOG_COMPILER_GLOBAL_ACCENT_COLOR_NAME = AccentColor;
				CODE_SIGN_STYLE = Automatic;
				CURRENT_PROJECT_VERSION = 1;
				DEVELOPMENT_ASSET_PATHS = "\"myOwnSpace/Preview Content\"";
				ENABLE_PREVIEWS = YES;
				GENERATE_INFOPLIST_FILE = YES;
				INFOPLIST_KEY_UIApplicationSceneManifest_Generation = YES;
				INFOPLIST_KEY_UIApplicationSupportsIndirectInputEvents = YES;
				INFOPLIST_KEY_UILaunchScreen_Generation = YES;
				INFOPLIST_KEY_UISupportedInterfaceOrientations_iPad = "UIInterfaceOrientationPortrait UIInterfaceOrientationPortraitUpsideDown UIInterfaceOrientationLandscapeLeft UIInterfaceOrientationLandscapeRight";
				INFOPLIST_KEY_UISupportedInterfaceOrientations_iPhone = "UIInterfaceOrientationPortrait UIInterfaceOrientationLandscapeLeft UIInterfaceOrientationLandscapeRight";
				IPHONEOS_DEPLOYMENT_TARGET = 16.0;
				LD_RUNPATH_SEARCH_PATHS = (
					"$(inherited)",
					"@executable_path/Frameworks",
				);
				MARKETING_VERSION = 1.0;
				PRODUCT_BUNDLE_IDENTIFIER = febby.myOwnSpace;
				PRODUCT_NAME = "$(TARGET_NAME)";
				SWIFT_EMIT_LOC_STRINGS = YES;
				SWIFT_VERSION = 5.0;
				TARGETED_DEVICE_FAMILY = "1,2";
			};
			name = Debug;
		};
		8029012F29407166005431E4 /* Release */ = {
			isa = XCBuildConfiguration;
			baseConfigurationReference = EE0657E4C3E23BB04BBCA5F9 /* Pods-myOwnSpace.release.xcconfig */;
			buildSettings = {
				ASSETCATALOG_COMPILER_APPICON_NAME = AppIcon;
				ASSETCATALOG_COMPILER_GLOBAL_ACCENT_COLOR_NAME = AccentColor;
				CODE_SIGN_STYLE = Automatic;
				CURRENT_PROJECT_VERSION = 1;
				DEVELOPMENT_ASSET_PATHS = "\"myOwnSpace/Preview Content\"";
				ENABLE_PREVIEWS = YES;
				GENERATE_INFOPLIST_FILE = YES;
				INFOPLIST_KEY_UIApplicationSceneManifest_Generation = YES;
				INFOPLIST_KEY_UIApplicationSupportsIndirectInputEvents = YES;
				INFOPLIST_KEY_UILaunchScreen_Generation = YES;
				INFOPLIST_KEY_UISupportedInterfaceOrientations_iPad = "UIInterfaceOrientationPortrait UIInterfaceOrientationPortraitUpsideDown UIInterfaceOrientationLandscapeLeft UIInterfaceOrientationLandscapeRight";
				INFOPLIST_KEY_UISupportedInterfaceOrientations_iPhone = "UIInterfaceOrientationPortrait UIInterfaceOrientationLandscapeLeft UIInterfaceOrientationLandscapeRight";
				IPHONEOS_DEPLOYMENT_TARGET = 16.0;
				LD_RUNPATH_SEARCH_PATHS = (
					"$(inherited)",
					"@executable_path/Frameworks",
				);
				MARKETING_VERSION = 1.0;
				PRODUCT_BUNDLE_IDENTIFIER = febby.myOwnSpace;
				PRODUCT_NAME = "$(TARGET_NAME)";
				SWIFT_EMIT_LOC_STRINGS = YES;
				SWIFT_VERSION = 5.0;
				TARGETED_DEVICE_FAMILY = "1,2";
			};
			name = Release;
		};
/* End XCBuildConfiguration section */

/* Begin XCConfigurationList section */
		8029011529407163005431E4 /* Build configuration list for PBXProject "myOwnSpace" */ = {
			isa = XCConfigurationList;
			buildConfigurations = (
				8029012B29407166005431E4 /* Debug */,
				8029012C29407166005431E4 /* Release */,
			);
			defaultConfigurationIsVisible = 0;
			defaultConfigurationName = Release;
		};
		8029012D29407166005431E4 /* Build configuration list for PBXNativeTarget "myOwnSpace" */ = {
			isa = XCConfigurationList;
			buildConfigurations = (
				8029012E29407166005431E4 /* Debug */,
				8029012F29407166005431E4 /* Release */,
			);
			defaultConfigurationIsVisible = 0;
			defaultConfigurationName = Release;
		};
/* End XCConfigurationList section */

/* Begin XCVersionGroup section */
		8029012829407166005431E4 /* myOwnSpace.xcdatamodeld */ = {
			isa = XCVersionGroup;
			children = (
				8029012929407166005431E4 /* myOwnSpace.xcdatamodel */,
			);
			currentVersion = 8029012929407166005431E4 /* myOwnSpace.xcdatamodel */;
			path = myOwnSpace.xcdatamodeld;
			sourceTree = "<group>";
			versionGroupType = wrapper.xcdatamodel;
		};
/* End XCVersionGroup section */
	};
	rootObject = 8029011229407163005431E4 /* Project object */;
}
